
Microsoft Visual Studio Solution File, Format Version 12.00
# Visual Studio Version 17
VisualStudioVersion = 17.6.33815.320
MinimumVisualStudioVersion = 10.0.40219.1
Project("{FAE04EC0-301F-11D3-BF4B-00C04F79EFBC}") = "triangle", "triangle.csproj", "{3A003ADB-0ABC-4C7D-BFD3-83738A11608E}"
EndProject
Global
	GlobalSection(SolutionConfigurationPlatforms) = preSolution
		Debug|Any CPU = Debug|Any CPU
		Release|Any CPU = Release|Any CPU
	EndGlobalSection
	GlobalSection(ProjectConfigurationPlatforms) = postSolution
		{3A003ADB-0ABC-4C7D-BFD3-83738A11608E}.Debug|Any CPU.ActiveCfg = Debug|Any CPU
		{3A003ADB-0ABC-4C7D-BFD3-83738A11608E}.Debug|Any CPU.Build.0 = Debug|Any CPU
		{3A003ADB-0ABC-4C7D-BFD3-83738A11608E}.Release|Any CPU.ActiveCfg = Release|Any CPU
		{3A003ADB-0ABC-4C7D-BFD3-83738A11608E}.Release|Any CPU.Build.0 = Release|Any CPU
	EndGlobalSection
	GlobalSection(SolutionProperties) = preSolution
		HideSolutionNode = FALSE
	EndGlobalSection
	GlobalSection(ExtensibilityGlobals) = postSolution
		SolutionGuid = {85F478F9-5594-4C6D-AC99-B5C800BB7250}
	EndGlobalSection
EndGlobal
